# This file is automatically @generated by Cargo.
# It is not intended for manual editing.
version = 4

[[package]]
name = "nostr_automerge"
version = "0.1.0-alpha.0"

[[package]]
name = "nostr_automerge_conformance"
version = "0.1.0-alpha.0"
dependencies = [
 "nostr_automerge",
]

[[package]]
name = "nostr_automerge_xtask"
version = "0.1.0-alpha.0"
